// !$*UTF8*$!
{
	archiveVersion = 1;
	classes = {
	};
	objectVersion = 56;
	objects = {

/* Begin PBXBuildFile section */
		35E2F9842A83B8DA0079959D /* ActionsWorkshopApp.swift in Sources */ = {isa = PBXBuildFile; fileRef = 35E2F9832A83B8DA0079959D /* ActionsWorkshopApp.swift */; };
		35E2F9862A83B8DA0079959D /* ContentView.swift in Sources */ = {isa = PBXBuildFile; fileRef = 35E2F9852A83B8DA0079959D /* ContentView.swift */; };
		35E2F9882A83B8DB0079959D /* Assets.xcassets in Resources */ = {isa = PBXBuildFile; fileRef = 35E2F9872A83B8DB0079959D /* Assets.xcassets */; };
		35E2F98B2A83B8DB0079959D /* Preview Assets.xcassets in Resources */ = {isa = PBXBuildFile; fileRef = 35E2F98A2A83B8DB0079959D /* Preview Assets.xcassets */; };
		35E2F9952A83B8DB0079959D /* ActionsWorkshopTests.swift in Sources */ = {isa = PBXBuildFile; fileRef = 35E2F9942A83B8DB0079959D /* ActionsWorkshopTests.swift */; };
/* End PBXBuildFile section */

/* Begin PBXContainerItemProxy section */
		35E2F9912A83B8DB0079959D /* PBXContainerItemProxy */ = {
			isa = PBXContainerItemProxy;
			containerPortal = 35E2F9782A83B8DA0079959D /* Project object */;
			proxyType = 1;
			remoteGlobalIDString = 35E2F97F2A83B8DA0079959D;
			remoteInfo = ActionsWorkshop;
		};
/* End PBXContainerItemProxy section */

/* Begin PBXFileReference section */
		35E2F9802A83B8DA0079959D /* ActionsWorkshop.app */ = {isa = PBXFileReference; explicitFileType = wrapper.application; includeInIndex = 0; path = ActionsWorkshop.app; sourceTree = BUILT_PRODUCTS_DIR; };
		35E2F9832A83B8DA0079959D /* ActionsWorkshopApp.swift */ = {isa = PBXFileReference; lastKnownFileType = sourcecode.swift; path = ActionsWorkshopApp.swift; sourceTree = "<group>"; };
		35E2F9852A83B8DA0079959D /* ContentView.swift */ = {isa = PBXFileReference; lastKnownFileType = sourcecode.swift; path = ContentView.swift; sourceTree = "<group>"; };
		35E2F9872A83B8DB0079959D /* Assets.xcassets */ = {isa = PBXFileReference; lastKnownFileType = folder.assetcatalog; path = Assets.xcassets; sourceTree = "<group>"; };
		35E2F98A2A83B8DB0079959D /* Preview Assets.xcassets */ = {isa = PBXFileReference; lastKnownFileType = folder.assetcatalog; path = "Preview Assets.xcassets"; sourceTree = "<group>"; };
		35E2F9902A83B8DB0079959D /* ActionsWorkshopTests.xctest */ = {isa = PBXFileReference; explicitFileType = wrapper.cfbundle; includeInIndex = 0; path = ActionsWorkshopTests.xctest; sourceTree = BUILT_PRODUCTS_DIR; };
		35E2F9942A83B8DB0079959D /* ActionsWorkshopTests.swift */ = {isa = PBXFileReference; lastKnownFileType = sourcecode.swift; path = ActionsWorkshopTests.swift; sourceTree = "<group>"; };
/* End PBXFileReference section */

/* Begin PBXFrameworksBuildPhase section */
		35E2F97D2A83B8DA0079959D /* Frameworks */ = {
			isa = PBXFrameworksBuildPhase;
			buildActionMask = 2147483647;
			files = (
			);
			runOnlyForDeploymentPostprocessing = 0;
		};
		35E2F98D2A83B8DB0079959D /* Frameworks */ = {
			isa = PBXFrameworksBuildPhase;
			buildActionMask = 2147483647;
			files = (
			);
			runOnlyForDeploymentPostprocessing = 0;
		};
/* End PBXFrameworksBuildPhase section */

/* Begin PBXGroup section */
		35E2F9772A83B8DA0079959D = {
			isa = PBXGroup;
			children = (
				35E2F9822A83B8DA0079959D /* ActionsWorkshop */,
				35E2F9932A83B8DB0079959D /* ActionsWorkshopTests */,
				35E2F9812A83B8DA0079959D /* Products */,
			);
			sourceTree = "<group>";
		};
		35E2F9812A83B8DA0079959D /* Products */ = {
			isa = PBXGroup;
			children = (
				35E2F9802A83B8DA0079959D /* ActionsWorkshop.app */,
				35E2F9902A83B8DB0079959D /* ActionsWorkshopTests.xctest */,
			);
			name = Products;
			sourceTree = "<group>";
		};
		35E2F9822A83B8DA0079959D /* ActionsWorkshop */ = {
			isa = PBXGroup;
			children = (
				35E2F9832A83B8DA0079959D /* ActionsWorkshopApp.swift */,
				35E2F9852A83B8DA0079959D /* ContentView.swift */,
				35E2F9872A83B8DB0079959D /* Assets.xcassets */,
				35E2F9892A83B8DB0079959D /* Preview Content */,
			);
			path = ActionsWorkshop;
			sourceTree = "<group>";
		};
		35E2F9892A83B8DB0079959D /* Preview Content */ = {
			isa = PBXGroup;
			children = (
				35E2F98A2A83B8DB0079959D /* Preview Assets.xcassets */,
			);
			path = "Preview Content";
			sourceTree = "<group>";
		};
		35E2F9932A83B8DB0079959D /* ActionsWorkshopTests */ = {
			isa = PBXGroup;
			children = (
				35E2F9942A83B8DB0079959D /* ActionsWorkshopTests.swift */,
			);
			path = ActionsWorkshopTests;
			sourceTree = "<group>";
		};
/* End PBXGroup section */

/* Begin PBXNativeTarget section */
		35E2F97F2A83B8DA0079959D /* ActionsWorkshop */ = {
			isa = PBXNativeTarget;
			buildConfigurationList = 35E2F9A42A83B8DB0079959D /* Build configuration list for PBXNativeTarget "ActionsWorkshop" */;
			buildPhases = (
				35E2F97C2A83B8DA0079959D /* Sources */,
				35E2F97D2A83B8DA0079959D /* Frameworks */,
				35E2F97E2A83B8DA0079959D /* Resources */,
			);
			buildRules = (
			);
			dependencies = (
			);
			name = ActionsWorkshop;
			productName = ActionsWorkshop;
			productReference = 35E2F9802A83B8DA0079959D /* ActionsWorkshop.app */;
			productType = "com.apple.product-type.application";
		};
		35E2F98F2A83B8DB0079959D /* ActionsWorkshopTests */ = {
			isa = PBXNativeTarget;
			buildConfigurationList = 35E2F9A72A83B8DB0079959D /* Build configuration list for PBXNativeTarget "ActionsWorkshopTests" */;
			buildPhases = (
				35E2F98C2A83B8DB0079959D /* Sources */,
				35E2F98D2A83B8DB0079959D /* Frameworks */,
				35E2F98E2A83B8DB0079959D /* Resources */,
			);
			buildRules = (
			);
			dependencies = (
				35E2F9922A83B8DB0079959D /* PBXTargetDependency */,
			);
			name = ActionsWorkshopTests;
			productName = ActionsWorkshopTests;
			productReference = 35E2F9902A83B8DB0079959D /* ActionsWorkshopTests.xctest */;
			productType = "com.apple.product-type.bundle.unit-test";
		};
/* End PBXNativeTarget section */

/* Begin PBXProject section */
		35E2F9782A83B8DA0079959D /* Project object */ = {
			isa = PBXProject;
			attributes = {
				BuildIndependentTargetsInParallel = 1;
				LastSwiftUpdateCheck = 1430;
				LastUpgradeCheck = 1430;
				TargetAttributes = {
					35E2F97F2A83B8DA0079959D = {
						CreatedOnToolsVersion = 14.3.1;
					};
					35E2F98F2A83B8DB0079959D = {
						CreatedOnToolsVersion = 14.3.1;
						TestTargetID = 35E2F97F2A83B8DA0079959D;
					};
				};
			};
			buildConfigurationList = 35E2F97B2A83B8DA0079959D /* Build configuration list for PBXProject "ActionsWorkshop" */;
			compatibilityVersion = "Xcode 14.0";
			developmentRegion = en;
			hasScannedForEncodings = 0;
			knownRegions = (
				en,
				Base,
			);
			mainGroup = 35E2F9772A83B8DA0079959D;
			productRefGroup = 35E2F9812A83B8DA0079959D /* Products */;
			projectDirPath = "";
			projectRoot = "";
			targets = (
				35E2F97F2A83B8DA0079959D /* ActionsWorkshop */,
				35E2F98F2A83B8DB0079959D /* ActionsWorkshopTests */,
			);
		};
/* End PBXProject section */

/* Begin PBXResourcesBuildPhase section */
		35E2F97E2A83B8DA0079959D /* Resources */ = {
			isa = PBXResourcesBuildPhase;
			buildActionMask = 2147483647;
			files = (
				35E2F98B2A83B8DB0079959D /* Preview Assets.xcassets in Resources */,
				35E2F9882A83B8DB0079959D /* Assets.xcassets in Resources */,
			);
			runOnlyForDeploymentPostprocessing = 0;
		};
		35E2F98E2A83B8DB0079959D /* Resources */ = {
			isa = PBXResourcesBuildPhase;
			buildActionMask = 2147483647;
			files = (
			);
			runOnlyForDeploymentPostprocessing = 0;
		};
/* End PBXResourcesBuildPhase section */

/* Begin PBXSourcesBuildPhase section */
		35E2F97C2A83B8DA0079959D /* Sources */ = {
			isa = PBXSourcesBuildPhase;
			buildActionMask = 2147483647;
			files = (
				35E2F9862A83B8DA0079959D /* ContentView.swift in Sources */,
				35E2F9842A83B8DA0079959D /* ActionsWorkshopApp.swift in Sources */,
			);
			runOnlyForDeploymentPostprocessing = 0;
		};
		35E2F98C2A83B8DB0079959D /* Sources */ = {
			isa = PBXSourcesBuildPhase;
			buildActionMask = 2147483647;
			files = (
				35E2F9952A83B8DB0079959D /* ActionsWorkshopTests.swift in Sources */,
			);
			runOnlyForDeploymentPostprocessing = 0;
		};
/* End PBXSourcesBuildPhase section */

/* Begin PBXTargetDependency section */
		35E2F9922A83B8DB0079959D /* PBXTargetDependency */ = {
			isa = PBXTargetDependency;
			target = 35E2F97F2A83B8DA0079959D /* ActionsWorkshop */;
			targetProxy = 35E2F9912A83B8DB0079959D /* PBXContainerItemProxy */;
		};
/* End PBXTargetDependency section */

/* Begin XCBuildConfiguration section */
		35E2F9A22A83B8DB0079959D /* Debug */ = {
			isa = XCBuildConfiguration;
			buildSettings = {
				ALWAYS_SEARCH_USER_PATHS = NO;
				CLANG_ANALYZER_NONNULL = YES;
				CLANG_ANALYZER_NUMBER_OBJECT_CONVERSION = YES_AGGRESSIVE;
				CLANG_CXX_LANGUAGE_STANDARD = "gnu++20";
				CLANG_ENABLE_MODULES = YES;
				CLANG_ENABLE_OBJC_ARC = YES;
				CLANG_ENABLE_OBJC_WEAK = YES;
				CLANG_WARN_BLOCK_CAPTURE_AUTORELEASING = YES;
				CLANG_WARN_BOOL_CONVERSION = YES;
				CLANG_WARN_COMMA = YES;
				CLANG_WARN_CONSTANT_CONVERSION = YES;
				CLANG_WARN_DEPRECATED_OBJC_IMPLEMENTATIONS = YES;
				CLANG_WARN_DIRECT_OBJC_ISA_USAGE = YES_ERROR;
				CLANG_WARN_DOCUMENTATION_COMMENTS = YES;
				CLANG_WARN_EMPTY_BODY = YES;
				CLANG_WARN_ENUM_CONVERSION = YES;
				CLANG_WARN_INFINITE_RECURSION = YES;
				CLANG_WARN_INT_CONVERSION = YES;
				CLANG_WARN_NON_LITERAL_NULL_CONVERSION = YES;
				CLANG_WARN_OBJC_IMPLICIT_RETAIN_SELF = YES;
				CLANG_WARN_OBJC_LITERAL_CONVERSION = YES;
				CLANG_WARN_OBJC_ROOT_CLASS = YES_ERROR;
				CLANG_WARN_QUOTED_INCLUDE_IN_FRAMEWORK_HEADER = YES;
				CLANG_WARN_RANGE_LOOP_ANALYSIS = YES;
				CLANG_WARN_STRICT_PROTOTYPES = YES;
				CLANG_WARN_SUSPICIOUS_MOVE = YES;
				CLANG_WARN_UNGUARDED_AVAILABILITY = YES_AGGRESSIVE;
				CLANG_WARN_UNREACHABLE_CODE = YES;
				CLANG_WARN__DUPLICATE_METHOD_MATCH = YES;
				COPY_PHASE_STRIP = NO;
				DEBUG_INFORMATION_FORMAT = dwarf;
				ENABLE_STRICT_OBJC_MSGSEND = YES;
				ENABLE_TESTABILITY = YES;
				GCC_C_LANGUAGE_STANDARD = gnu11;
				GCC_DYNAMIC_NO_PIC = NO;
				GCC_NO_COMMON_BLOCKS = YES;
				GCC_OPTIMIZATION_LEVEL = 0;
				GCC_PREPROCESSOR_DEFINITIONS = (
					"DEBUG=1",
					"$(inherited)",
				);
				GCC_WARN_64_TO_32_BIT_CONVERSION = YES;
				GCC_WARN_ABOUT_RETURN_TYPE = YES_ERROR;
				GCC_WARN_UNDECLARED_SELECTOR = YES;
				GCC_WARN_UNINITIALIZED_AUTOS = YES_AGGRESSIVE;
				GCC_WARN_UNUSED_FUNCTION = YES;
				GCC_WARN_UNUSED_VARIABLE = YES;
				IPHONEOS_DEPLOYMENT_TARGET = 16.4;
				MTL_ENABLE_DEBUG_INFO = INCLUDE_SOURCE;
				MTL_FAST_MATH = YES;
				ONLY_ACTIVE_ARCH = YES;
				SDKROOT = iphoneos;
				SWIFT_ACTIVE_COMPILATION_CONDITIONS = DEBUG;
				SWIFT_OPTIMIZATION_LEVEL = "-Onone";
			};
			name = Debug;
		};
		35E2F9A32A83B8DB0079959D /* Release */ = {
			isa = XCBuildConfiguration;
			buildSettings = {
				ALWAYS_SEARCH_USER_PATHS = NO;
				CLANG_ANALYZER_NONNULL = YES;
				CLANG_ANALYZER_NUMBER_OBJECT_CONVERSION = YES_AGGRESSIVE;
				CLANG_CXX_LANGUAGE_STANDARD = "gnu++20";
				CLANG_ENABLE_MODULES = YES;
				CLANG_ENABLE_OBJC_ARC = YES;
				CLANG_ENABLE_OBJC_WEAK = YES;
				CLANG_WARN_BLOCK_CAPTURE_AUTORELEASING = YES;
				CLANG_WARN_BOOL_CONVERSION = YES;
				CLANG_WARN_COMMA = YES;
				CLANG_WARN_CONSTANT_CONVERSION = YES;
				CLANG_WARN_DEPRECATED_OBJC_IMPLEMENTATIONS = YES;
				CLANG_WARN_DIRECT_OBJC_ISA_USAGE = YES_ERROR;
				CLANG_WARN_DOCUMENTATION_COMMENTS = YES;
				CLANG_WARN_EMPTY_BODY = YES;
				CLANG_WARN_ENUM_CONVERSION = YES;
				CLANG_WARN_INFINITE_RECURSION = YES;
				CLANG_WARN_INT_CONVERSION = YES;
				CLANG_WARN_NON_LITERAL_NULL_CONVERSION = YES;
				CLANG_WARN_OBJC_IMPLICIT_RETAIN_SELF = YES;
				CLANG_WARN_OBJC_LITERAL_CONVERSION = YES;
				CLANG_WARN_OBJC_ROOT_CLASS = YES_ERROR;
				CLANG_WARN_QUOTED_INCLUDE_IN_FRAMEWORK_HEADER = YES;
				CLANG_WARN_RANGE_LOOP_ANALYSIS = YES;
				CLANG_WARN_STRICT_PROTOTYPES = YES;
				CLANG_WARN_SUSPICIOUS_MOVE = YES;
				CLANG_WARN_UNGUARDED_AVAILABILITY = YES_AGGRESSIVE;
				CLANG_WARN_UNREACHABLE_CODE = YES;
				CLANG_WARN__DUPLICATE_METHOD_MATCH = YES;
				COPY_PHASE_STRIP = NO;
				DEBUG_INFORMATION_FORMAT = "dwarf-with-dsym";
				ENABLE_NS_ASSERTIONS = NO;
				ENABLE_STRICT_OBJC_MSGSEND = YES;
				GCC_C_LANGUAGE_STANDARD = gnu11;
				GCC_NO_COMMON_BLOCKS = YES;
				GCC_WARN_64_TO_32_BIT_CONVERSION = YES;
				GCC_WARN_ABOUT_RETURN_TYPE = YES_ERROR;
				GCC_WARN_UNDECLARED_SELECTOR = YES;
				GCC_WARN_UNINITIALIZED_AUTOS = YES_AGGRESSIVE;
				GCC_WARN_UNUSED_FUNCTION = YES;
				GCC_WARN_UNUSED_VARIABLE = YES;
				IPHONEOS_DEPLOYMENT_TARGET = 16.4;
				MTL_ENABLE_DEBUG_INFO = NO;
				MTL_FAST_MATH = YES;
				SDKROOT = iphoneos;
				SWIFT_COMPILATION_MODE = wholemodule;
				SWIFT_OPTIMIZATION_LEVEL = "-O";
				VALIDATE_PRODUCT = YES;
			};
			name = Release;
		};
		35E2F9A52A83B8DB0079959D /* Debug */ = {
			isa = XCBuildConfiguration;
			buildSettings = {
				ASSETCATALOG_COMPILER_APPICON_NAME = AppIcon;
				ASSETCATALOG_COMPILER_GLOBAL_ACCENT_COLOR_NAME = AccentColor;
				CODE_SIGN_STYLE = Automatic;
				CURRENT_PROJECT_VERSION = 1;
				DEVELOPMENT_ASSET_PATHS = "\"ActionsWorkshop/Preview Content\"";
				DEVELOPMENT_TEAM = D9VJ9R57LR;
				ENABLE_PREVIEWS = YES;
				GENERATE_INFOPLIST_FILE = YES;
				INFOPLIST_KEY_UIApplicationSceneManifest_Generation = YES;
				INFOPLIST_KEY_UIApplicationSupportsIndirectInputEvents = YES;
				INFOPLIST_KEY_UILaunchScreen_Generation = YES;
				INFOPLIST_KEY_UISupportedInterfaceOrientations_iPad = "UIInterfaceOrientationPortrait UIInterfaceOrientationPortraitUpsideDown UIInterfaceOrientationLandscapeLeft UIInterfaceOrientationLandscapeRight";
				INFOPLIST_KEY_UISupportedInterfaceOrientations_iPhone = "UIInterfaceOrientationPortrait UIInterfaceOrientationLandscapeLeft UIInterfaceOrientationLandscapeRight";
				LD_RUNPATH_SEARCH_PATHS = (
					"$(inherited)",
					"@executable_path/Frameworks",
				);
				MARKETING_VERSION = 1.0;
				PRODUCT_BUNDLE_IDENTIFIER = dev.daniele.ActionsWorkshop;
				PRODUCT_NAME = "$(TARGET_NAME)";
				SWIFT_EMIT_LOC_STRINGS = YES;
				SWIFT_VERSION = 5.0;
				TARGETED_DEVICE_FAMILY = "1,2";
			};
			name = Debug;
		};
		35E2F9A62A83B8DB0079959D /* Release */ = {
			isa = XCBuildConfiguration;
			buildSettings = {
				ASSETCATALOG_COMPILER_APPICON_NAME = AppIcon;
				ASSETCATALOG_COMPILER_GLOBAL_ACCENT_COLOR_NAME = AccentColor;
				CODE_SIGN_STYLE = Automatic;
				CURRENT_PROJECT_VERSION = 1;
				DEVELOPMENT_ASSET_PATHS = "\"ActionsWorkshop/Preview Content\"";
				DEVELOPMENT_TEAM = D9VJ9R57LR;
				ENABLE_PREVIEWS = YES;
				GENERATE_INFOPLIST_FILE = YES;
				INFOPLIST_KEY_UIApplicationSceneManifest_Generation = YES;
				INFOPLIST_KEY_UIApplicationSupportsIndirectInputEvents = YES;
				INFOPLIST_KEY_UILaunchScreen_Generation = YES;
				INFOPLIST_KEY_UISupportedInterfaceOrientations_iPad = "UIInterfaceOrientationPortrait UIInterfaceOrientationPortraitUpsideDown UIInterfaceOrientationLandscapeLeft UIInterfaceOrientationLandscapeRight";
				INFOPLIST_KEY_UISupportedInterfaceOrientations_iPhone = "UIInterfaceOrientationPortrait UIInterfaceOrientationLandscapeLeft UIInterfaceOrientationLandscapeRight";
				LD_RUNPATH_SEARCH_PATHS = (
					"$(inherited)",
					"@executable_path/Frameworks",
				);
				MARKETING_VERSION = 1.0;
				PRODUCT_BUNDLE_IDENTIFIER = dev.daniele.ActionsWorkshop;
				PRODUCT_NAME = "$(TARGET_NAME)";
				SWIFT_EMIT_LOC_STRINGS = YES;
				SWIFT_VERSION = 5.0;
				TARGETED_DEVICE_FAMILY = "1,2";
			};
			name = Release;
		};
		35E2F9A82A83B8DB0079959D /* Debug */ = {
			isa = XCBuildConfiguration;
			buildSettings = {
				ALWAYS_EMBED_SWIFT_STANDARD_LIBRARIES = YES;
				BUNDLE_LOADER = "$(TEST_HOST)";
				CODE_SIGN_STYLE = Automatic;
				CURRENT_PROJECT_VERSION = 1;
				DEVELOPMENT_TEAM = D9VJ9R57LR;
				GENERATE_INFOPLIST_FILE = YES;
				IPHONEOS_DEPLOYMENT_TARGET = 16.4;
				MARKETING_VERSION = 1.0;
				PRODUCT_BUNDLE_IDENTIFIER = dev.daniele.ActionsWorkshopTests;
				PRODUCT_NAME = "$(TARGET_NAME)";
				SWIFT_EMIT_LOC_STRINGS = NO;
				SWIFT_VERSION = 5.0;
				TARGETED_DEVICE_FAMILY = "1,2";
				TEST_HOST = "$(BUILT_PRODUCTS_DIR)/ActionsWorkshop.app/$(BUNDLE_EXECUTABLE_FOLDER_PATH)/ActionsWorkshop";
			};
			name = Debug;
		};
		35E2F9A92A83B8DB0079959D /* Release */ = {
			isa = XCBuildConfiguration;
			buildSettings = {
				ALWAYS_EMBED_SWIFT_STANDARD_LIBRARIES = YES;
				BUNDLE_LOADER = "$(TEST_HOST)";
				CODE_SIGN_STYLE = Automatic;
				CURRENT_PROJECT_VERSION = 1;
				DEVELOPMENT_TEAM = D9VJ9R57LR;
				GENERATE_INFOPLIST_FILE = YES;
				IPHONEOS_DEPLOYMENT_TARGET = 16.4;
				MARKETING_VERSION = 1.0;
				PRODUCT_BUNDLE_IDENTIFIER = dev.daniele.ActionsWorkshopTests;
				PRODUCT_NAME = "$(TARGET_NAME)";
				SWIFT_EMIT_LOC_STRINGS = NO;
				SWIFT_VERSION = 5.0;
				TARGETED_DEVICE_FAMILY = "1,2";
				TEST_HOST = "$(BUILT_PRODUCTS_DIR)/ActionsWorkshop.app/$(BUNDLE_EXECUTABLE_FOLDER_PATH)/ActionsWorkshop";
			};
			name = Release;
		};
/* End XCBuildConfiguration section */

/* Begin XCConfigurationList section */
		35E2F97B2A83B8DA0079959D /* Build configuration list for PBXProject "ActionsWorkshop" */ = {
			isa = XCConfigurationList;
			buildConfigurations = (
				35E2F9A22A83B8DB0079959D /* Debug */,
				35E2F9A32A83B8DB0079959D /* Release */,
			);
			defaultConfigurationIsVisible = 0;
			defaultConfigurationName = Release;
		};
		35E2F9A42A83B8DB0079959D /* Build configuration list for PBXNativeTarget "ActionsWorkshop" */ = {
			isa = XCConfigurationList;
			buildConfigurations = (
				35E2F9A52A83B8DB0079959D /* Debug */,
				35E2F9A62A83B8DB0079959D /* Release */,
			);
			defaultConfigurationIsVisible = 0;
			defaultConfigurationName = Release;
		};
		35E2F9A72A83B8DB0079959D /* Build configuration list for PBXNativeTarget "ActionsWorkshopTests" */ = {
			isa = XCConfigurationList;
			buildConfigurations = (
				35E2F9A82A83B8DB0079959D /* Debug */,
				35E2F9A92A83B8DB0079959D /* Release */,
			);
			defaultConfigurationIsVisible = 0;
			defaultConfigurationName = Release;
		};
/* End XCConfigurationList section */
	};
	rootObject = 35E2F9782A83B8DA0079959D /* Project object */;
}
